
Microsoft Visual Studio Solution File, Format Version 12.00
# Visual Studio Version 17
VisualStudioVersion = 17.4.33110.190
MinimumVisualStudioVersion = 10.0.40219.1
Project("{FAE04EC0-301F-11D3-BF4B-00C04F79EFBC}") = "StripeCore", "StripeCore\StripeCore.csproj", "{DC05A9BF-0830-4BD3-A40F-B37ED967263F}"
EndProject
Global
	GlobalSection(SolutionConfigurationPlatforms) = preSolution
		Debug|Any CPU = Debug|Any CPU
		Release|Any CPU = Release|Any CPU
	EndGlobalSection
	GlobalSection(ProjectConfigurationPlatforms) = postSolution
		{DC05A9BF-0830-4BD3-A40F-B37ED967263F}.Debug|Any CPU.ActiveCfg = Debug|Any CPU
		{DC05A9BF-0830-4BD3-A40F-B37ED967263F}.Debug|Any CPU.Build.0 = Debug|Any CPU
		{DC05A9BF-0830-4BD3-A40F-B37ED967263F}.Release|Any CPU.ActiveCfg = Release|Any CPU
		{DC05A9BF-0830-4BD3-A40F-B37ED967263F}.Release|Any CPU.Build.0 = Release|Any CPU
	EndGlobalSection
	GlobalSection(SolutionProperties) = preSolution
		HideSolutionNode = FALSE
	EndGlobalSection
	GlobalSection(ExtensibilityGlobals) = postSolution
		SolutionGuid = {C79BE9CA-BFB1-43A8-8DD2-D9652DC4A6BE}
	EndGlobalSection
EndGlobal
